// !$*UTF8*$!
{
	archiveVersion = 1;
	classes = {
	};
	objectVersion = 55;
	objects = {

/* Begin PBXBuildFile section */
		A0101F1828AEA08E0091B1FE /* DetailInfoView.swift in Sources */ = {isa = PBXBuildFile; fileRef = A0101F1728AEA08E0091B1FE /* DetailInfoView.swift */; };
		A0101F1A28AEA44A0091B1FE /* GenderView.swift in Sources */ = {isa = PBXBuildFile; fileRef = A0101F1928AEA44A0091B1FE /* GenderView.swift */; };
		A0101F1E28AEB5040091B1FE /* UsersView.swift in Sources */ = {isa = PBXBuildFile; fileRef = A0101F1D28AEB5040091B1FE /* UsersView.swift */; };
		A0A3551128B016940084254B /* CoreDataHW26.xcdatamodeld in Sources */ = {isa = PBXBuildFile; fileRef = A0A3550F28B016940084254B /* CoreDataHW26.xcdatamodeld */; };
		A0F9A6C928B238C600872E4D /* UsersPresenter.swift in Sources */ = {isa = PBXBuildFile; fileRef = A0F9A6C828B238C600872E4D /* UsersPresenter.swift */; };
		A0FDA2F028A7B1F60031C631 /* AppDelegate.swift in Sources */ = {isa = PBXBuildFile; fileRef = A0FDA2EF28A7B1F60031C631 /* AppDelegate.swift */; };
		A0FDA2F728A7B1F60031C631 /* Main.storyboard in Resources */ = {isa = PBXBuildFile; fileRef = A0FDA2F528A7B1F60031C631 /* Main.storyboard */; };
		A0FDA2F928A7B1F70031C631 /* Assets.xcassets in Resources */ = {isa = PBXBuildFile; fileRef = A0FDA2F828A7B1F70031C631 /* Assets.xcassets */; };
		A0FDA2FC28A7B1F70031C631 /* LaunchScreen.storyboard in Resources */ = {isa = PBXBuildFile; fileRef = A0FDA2FA28A7B1F70031C631 /* LaunchScreen.storyboard */; };
		A0FDA30828A7BA600031C631 /* UsersViewController.swift in Sources */ = {isa = PBXBuildFile; fileRef = A0FDA30728A7BA600031C631 /* UsersViewController.swift */; };
		A0FDA32C28A7DF170031C631 /* UsersCustomCell.swift in Sources */ = {isa = PBXBuildFile; fileRef = A0FDA32B28A7DF170031C631 /* UsersCustomCell.swift */; };
		A0FDA33228AC274C0031C631 /* InfoUsersViewController.swift in Sources */ = {isa = PBXBuildFile; fileRef = A0FDA33128AC274C0031C631 /* InfoUsersViewController.swift */; };
/* End PBXBuildFile section */

/* Begin PBXFileReference section */
		A0101F1728AEA08E0091B1FE /* DetailInfoView.swift */ = {isa = PBXFileReference; lastKnownFileType = sourcecode.swift; path = DetailInfoView.swift; sourceTree = "<group>"; };
		A0101F1928AEA44A0091B1FE /* GenderView.swift */ = {isa = PBXFileReference; lastKnownFileType = sourcecode.swift; path = GenderView.swift; sourceTree = "<group>"; };
		A0101F1D28AEB5040091B1FE /* UsersView.swift */ = {isa = PBXFileReference; lastKnownFileType = sourcecode.swift; path = UsersView.swift; sourceTree = "<group>"; };
		A0A3551028B016940084254B /* CoreDataHW26.xcdatamodel */ = {isa = PBXFileReference; lastKnownFileType = wrapper.xcdatamodel; path = CoreDataHW26.xcdatamodel; sourceTree = "<group>"; };
		A0F9A6C828B238C600872E4D /* UsersPresenter.swift */ = {isa = PBXFileReference; lastKnownFileType = sourcecode.swift; path = UsersPresenter.swift; sourceTree = "<group>"; };
		A0FDA2EC28A7B1F60031C631 /* CoreDataHW26.app */ = {isa = PBXFileReference; explicitFileType = wrapper.application; includeInIndex = 0; path = CoreDataHW26.app; sourceTree = BUILT_PRODUCTS_DIR; };
		A0FDA2EF28A7B1F60031C631 /* AppDelegate.swift */ = {isa = PBXFileReference; lastKnownFileType = sourcecode.swift; path = AppDelegate.swift; sourceTree = "<group>"; };
		A0FDA2F628A7B1F60031C631 /* Base */ = {isa = PBXFileReference; lastKnownFileType = file.storyboard; name = Base; path = Base.lproj/Main.storyboard; sourceTree = "<group>"; };
		A0FDA2F828A7B1F70031C631 /* Assets.xcassets */ = {isa = PBXFileReference; lastKnownFileType = folder.assetcatalog; path = Assets.xcassets; sourceTree = "<group>"; };
		A0FDA2FB28A7B1F70031C631 /* Base */ = {isa = PBXFileReference; lastKnownFileType = file.storyboard; name = Base; path = Base.lproj/LaunchScreen.storyboard; sourceTree = "<group>"; };
		A0FDA2FD28A7B1F70031C631 /* Info.plist */ = {isa = PBXFileReference; lastKnownFileType = text.plist.xml; path = Info.plist; sourceTree = "<group>"; };
		A0FDA30728A7BA600031C631 /* UsersViewController.swift */ = {isa = PBXFileReference; lastKnownFileType = sourcecode.swift; path = UsersViewController.swift; sourceTree = "<group>"; };
		A0FDA32B28A7DF170031C631 /* UsersCustomCell.swift */ = {isa = PBXFileReference; lastKnownFileType = sourcecode.swift; path = UsersCustomCell.swift; sourceTree = "<group>"; };
		A0FDA33128AC274C0031C631 /* InfoUsersViewController.swift */ = {isa = PBXFileReference; lastKnownFileType = sourcecode.swift; path = InfoUsersViewController.swift; sourceTree = "<group>"; };
/* End PBXFileReference section */

/* Begin PBXFrameworksBuildPhase section */
		A0FDA2E928A7B1F60031C631 /* Frameworks */ = {
			isa = PBXFrameworksBuildPhase;
			buildActionMask = 2147483647;
			files = (
			);
			runOnlyForDeploymentPostprocessing = 0;
		};
/* End PBXFrameworksBuildPhase section */

/* Begin PBXGroup section */
		A0101F1528AE9AC50091B1FE /* Views */ = {
			isa = PBXGroup;
			children = (
				A0101F1728AEA08E0091B1FE /* DetailInfoView.swift */,
				A0101F1928AEA44A0091B1FE /* GenderView.swift */,
			);
			path = Views;
			sourceTree = "<group>";
		};
		A0101F1628AEA0350091B1FE /* Controller */ = {
			isa = PBXGroup;
			children = (
				A0FDA33128AC274C0031C631 /* InfoUsersViewController.swift */,
			);
			path = Controller;
			sourceTree = "<group>";
		};
		A0101F1B28AEB4830091B1FE /* Controller */ = {
			isa = PBXGroup;
			children = (
				A0FDA30728A7BA600031C631 /* UsersViewController.swift */,
			);
			path = Controller;
			sourceTree = "<group>";
		};
		A0101F1C28AEB4AB0091B1FE /* Views */ = {
			isa = PBXGroup;
			children = (
				A0101F1D28AEB5040091B1FE /* UsersView.swift */,
				A0FDA32B28A7DF170031C631 /* UsersCustomCell.swift */,
			);
			name = Views;
			sourceTree = "<group>";
		};
		A0FDA2E328A7B1F60031C631 = {
			isa = PBXGroup;
			children = (
				A0FDA2EE28A7B1F60031C631 /* CoreDataHW26 */,
				A0FDA2ED28A7B1F60031C631 /* Products */,
			);
			sourceTree = "<group>";
		};
		A0FDA2ED28A7B1F60031C631 /* Products */ = {
			isa = PBXGroup;
			children = (
				A0FDA2EC28A7B1F60031C631 /* CoreDataHW26.app */,
			);
			name = Products;
			sourceTree = "<group>";
		};
		A0FDA2EE28A7B1F60031C631 /* CoreDataHW26 */ = {
			isa = PBXGroup;
			children = (
				A0FDA30428A7B80A0031C631 /* Resorsce */,
				A0FDA30328A7B8000031C631 /* Sorsce */,
				A0FDA2FD28A7B1F70031C631 /* Info.plist */,
				A0A3550F28B016940084254B /* CoreDataHW26.xcdatamodeld */,
			);
			path = CoreDataHW26;
			sourceTree = "<group>";
		};
		A0FDA30328A7B8000031C631 /* Sorsce */ = {
			isa = PBXGroup;
			children = (
				A0FDA30628A7BA220031C631 /* Modules */,
				A0FDA30528A7B8300031C631 /* App */,
			);
			path = Sorsce;
			sourceTree = "<group>";
		};
		A0FDA30428A7B80A0031C631 /* Resorsce */ = {
			isa = PBXGroup;
			children = (
				A0FDA2F528A7B1F60031C631 /* Main.storyboard */,
				A0FDA2F828A7B1F70031C631 /* Assets.xcassets */,
				A0FDA2FA28A7B1F70031C631 /* LaunchScreen.storyboard */,
			);
			path = Resorsce;
			sourceTree = "<group>";
		};
		A0FDA30528A7B8300031C631 /* App */ = {
			isa = PBXGroup;
			children = (
				A0FDA2EF28A7B1F60031C631 /* AppDelegate.swift */,
			);
			path = App;
			sourceTree = "<group>";
		};
		A0FDA30628A7BA220031C631 /* Modules */ = {
			isa = PBXGroup;
			children = (
				A0FDA32D28ABE3E30031C631 /* Users */,
				A0FDA32E28ABEA510031C631 /* InfoUsers */,
			);
			path = Modules;
			sourceTree = "<group>";
		};
		A0FDA32D28ABE3E30031C631 /* Users */ = {
			isa = PBXGroup;
			children = (
				A0101F1B28AEB4830091B1FE /* Controller */,
				A0101F1C28AEB4AB0091B1FE /* Views */,
				A0F9A6C828B238C600872E4D /* UsersPresenter.swift */,
			);
			path = Users;
			sourceTree = "<group>";
		};
		A0FDA32E28ABEA510031C631 /* InfoUsers */ = {
			isa = PBXGroup;
			children = (
				A0101F1628AEA0350091B1FE /* Controller */,
				A0101F1528AE9AC50091B1FE /* Views */,
			);
			path = InfoUsers;
			sourceTree = "<group>";
		};
/* End PBXGroup section */

/* Begin PBXNativeTarget section */
		A0FDA2EB28A7B1F60031C631 /* CoreDataHW26 */ = {
			isa = PBXNativeTarget;
			buildConfigurationList = A0FDA30028A7B1F70031C631 /* Build configuration list for PBXNativeTarget "CoreDataHW26" */;
			buildPhases = (
				A0FDA2E828A7B1F60031C631 /* Sources */,
				A0FDA2E928A7B1F60031C631 /* Frameworks */,
				A0FDA2EA28A7B1F60031C631 /* Resources */,
			);
			buildRules = (
			);
			dependencies = (
			);
			name = CoreDataHW26;
			productName = CoreDataHW26;
			productReference = A0FDA2EC28A7B1F60031C631 /* CoreDataHW26.app */;
			productType = "com.apple.product-type.application";
		};
/* End PBXNativeTarget section */

/* Begin PBXProject section */
		A0FDA2E428A7B1F60031C631 /* Project object */ = {
			isa = PBXProject;
			attributes = {
				BuildIndependentTargetsInParallel = 1;
				LastSwiftUpdateCheck = 1330;
				LastUpgradeCheck = 1330;
				TargetAttributes = {
					A0FDA2EB28A7B1F60031C631 = {
						CreatedOnToolsVersion = 13.3.1;
					};
				};
			};
			buildConfigurationList = A0FDA2E728A7B1F60031C631 /* Build configuration list for PBXProject "CoreDataHW26" */;
			compatibilityVersion = "Xcode 13.0";
			developmentRegion = en;
			hasScannedForEncodings = 0;
			knownRegions = (
				en,
				Base,
			);
			mainGroup = A0FDA2E328A7B1F60031C631;
			productRefGroup = A0FDA2ED28A7B1F60031C631 /* Products */;
			projectDirPath = "";
			projectRoot = "";
			targets = (
				A0FDA2EB28A7B1F60031C631 /* CoreDataHW26 */,
			);
		};
/* End PBXProject section */

/* Begin PBXResourcesBuildPhase section */
		A0FDA2EA28A7B1F60031C631 /* Resources */ = {
			isa = PBXResourcesBuildPhase;
			buildActionMask = 2147483647;
			files = (
				A0FDA2FC28A7B1F70031C631 /* LaunchScreen.storyboard in Resources */,
				A0FDA2F928A7B1F70031C631 /* Assets.xcassets in Resources */,
				A0FDA2F728A7B1F60031C631 /* Main.storyboard in Resources */,
			);
			runOnlyForDeploymentPostprocessing = 0;
		};
/* End PBXResourcesBuildPhase section */

/* Begin PBXSourcesBuildPhase section */
		A0FDA2E828A7B1F60031C631 /* Sources */ = {
			isa = PBXSourcesBuildPhase;
			buildActionMask = 2147483647;
			files = (
				A0FDA30828A7BA600031C631 /* UsersViewController.swift in Sources */,
				A0101F1A28AEA44A0091B1FE /* GenderView.swift in Sources */,
				A0F9A6C928B238C600872E4D /* UsersPresenter.swift in Sources */,
				A0FDA32C28A7DF170031C631 /* UsersCustomCell.swift in Sources */,
				A0FDA33228AC274C0031C631 /* InfoUsersViewController.swift in Sources */,
				A0101F1828AEA08E0091B1FE /* DetailInfoView.swift in Sources */,
				A0FDA2F028A7B1F60031C631 /* AppDelegate.swift in Sources */,
				A0A3551128B016940084254B /* CoreDataHW26.xcdatamodeld in Sources */,
				A0101F1E28AEB5040091B1FE /* UsersView.swift in Sources */,
			);
			runOnlyForDeploymentPostprocessing = 0;
		};
/* End PBXSourcesBuildPhase section */

/* Begin PBXVariantGroup section */
		A0FDA2F528A7B1F60031C631 /* Main.storyboard */ = {
			isa = PBXVariantGroup;
			children = (
				A0FDA2F628A7B1F60031C631 /* Base */,
			);
			name = Main.storyboard;
			sourceTree = "<group>";
		};
		A0FDA2FA28A7B1F70031C631 /* LaunchScreen.storyboard */ = {
			isa = PBXVariantGroup;
			children = (
				A0FDA2FB28A7B1F70031C631 /* Base */,
			);
			name = LaunchScreen.storyboard;
			sourceTree = "<group>";
		};
/* End PBXVariantGroup section */

/* Begin XCBuildConfiguration section */
		A0FDA2FE28A7B1F70031C631 /* Debug */ = {
			isa = XCBuildConfiguration;
			buildSettings = {
				ALWAYS_SEARCH_USER_PATHS = NO;
				CLANG_ANALYZER_NONNULL = YES;
				CLANG_ANALYZER_NUMBER_OBJECT_CONVERSION = YES_AGGRESSIVE;
				CLANG_CXX_LANGUAGE_STANDARD = "gnu++17";
				CLANG_ENABLE_MODULES = YES;
				CLANG_ENABLE_OBJC_ARC = YES;
				CLANG_ENABLE_OBJC_WEAK = YES;
				CLANG_WARN_BLOCK_CAPTURE_AUTORELEASING = YES;
				CLANG_WARN_BOOL_CONVERSION = YES;
				CLANG_WARN_COMMA = YES;
				CLANG_WARN_CONSTANT_CONVERSION = YES;
				CLANG_WARN_DEPRECATED_OBJC_IMPLEMENTATIONS = YES;
				CLANG_WARN_DIRECT_OBJC_ISA_USAGE = YES_ERROR;
				CLANG_WARN_DOCUMENTATION_COMMENTS = YES;
				CLANG_WARN_EMPTY_BODY = YES;
				CLANG_WARN_ENUM_CONVERSION = YES;
				CLANG_WARN_INFINITE_RECURSION = YES;
				CLANG_WARN_INT_CONVERSION = YES;
				CLANG_WARN_NON_LITERAL_NULL_CONVERSION = YES;
				CLANG_WARN_OBJC_IMPLICIT_RETAIN_SELF = YES;
				CLANG_WARN_OBJC_LITERAL_CONVERSION = YES;
				CLANG_WARN_OBJC_ROOT_CLASS = YES_ERROR;
				CLANG_WARN_QUOTED_INCLUDE_IN_FRAMEWORK_HEADER = YES;
				CLANG_WARN_RANGE_LOOP_ANALYSIS = YES;
				CLANG_WARN_STRICT_PROTOTYPES = YES;
				CLANG_WARN_SUSPICIOUS_MOVE = YES;
				CLANG_WARN_UNGUARDED_AVAILABILITY = YES_AGGRESSIVE;
				CLANG_WARN_UNREACHABLE_CODE = YES;
				CLANG_WARN__DUPLICATE_METHOD_MATCH = YES;
				COPY_PHASE_STRIP = NO;
				DEBUG_INFORMATION_FORMAT = dwarf;
				ENABLE_STRICT_OBJC_MSGSEND = YES;
				ENABLE_TESTABILITY = YES;
				GCC_C_LANGUAGE_STANDARD = gnu11;
				GCC_DYNAMIC_NO_PIC = NO;
				GCC_NO_COMMON_BLOCKS = YES;
				GCC_OPTIMIZATION_LEVEL = 0;
				GCC_PREPROCESSOR_DEFINITIONS = (
					"DEBUG=1",
					"$(inherited)",
				);
				GCC_WARN_64_TO_32_BIT_CONVERSION = YES;
				GCC_WARN_ABOUT_RETURN_TYPE = YES_ERROR;
				GCC_WARN_UNDECLARED_SELECTOR = YES;
				GCC_WARN_UNINITIALIZED_AUTOS = YES_AGGRESSIVE;
				GCC_WARN_UNUSED_FUNCTION = YES;
				GCC_WARN_UNUSED_VARIABLE = YES;
				IPHONEOS_DEPLOYMENT_TARGET = 15.4;
				MTL_ENABLE_DEBUG_INFO = INCLUDE_SOURCE;
				MTL_FAST_MATH = YES;
				ONLY_ACTIVE_ARCH = YES;
				SDKROOT = iphoneos;
				SWIFT_ACTIVE_COMPILATION_CONDITIONS = DEBUG;
				SWIFT_OPTIMIZATION_LEVEL = "-Onone";
			};
			name = Debug;
		};
		A0FDA2FF28A7B1F70031C631 /* Release */ = {
			isa = XCBuildConfiguration;
			buildSettings = {
				ALWAYS_SEARCH_USER_PATHS = NO;
				CLANG_ANALYZER_NONNULL = YES;
				CLANG_ANALYZER_NUMBER_OBJECT_CONVERSION = YES_AGGRESSIVE;
				CLANG_CXX_LANGUAGE_STANDARD = "gnu++17";
				CLANG_ENABLE_MODULES = YES;
				CLANG_ENABLE_OBJC_ARC = YES;
				CLANG_ENABLE_OBJC_WEAK = YES;
				CLANG_WARN_BLOCK_CAPTURE_AUTORELEASING = YES;
				CLANG_WARN_BOOL_CONVERSION = YES;
				CLANG_WARN_COMMA = YES;
				CLANG_WARN_CONSTANT_CONVERSION = YES;
				CLANG_WARN_DEPRECATED_OBJC_IMPLEMENTATIONS = YES;
				CLANG_WARN_DIRECT_OBJC_ISA_USAGE = YES_ERROR;
				CLANG_WARN_DOCUMENTATION_COMMENTS = YES;
				CLANG_WARN_EMPTY_BODY = YES;
				CLANG_WARN_ENUM_CONVERSION = YES;
				CLANG_WARN_INFINITE_RECURSION = YES;
				CLANG_WARN_INT_CONVERSION = YES;
				CLANG_WARN_NON_LITERAL_NULL_CONVERSION = YES;
				CLANG_WARN_OBJC_IMPLICIT_RETAIN_SELF = YES;
				CLANG_WARN_OBJC_LITERAL_CONVERSION = YES;
				CLANG_WARN_OBJC_ROOT_CLASS = YES_ERROR;
				CLANG_WARN_QUOTED_INCLUDE_IN_FRAMEWORK_HEADER = YES;
				CLANG_WARN_RANGE_LOOP_ANALYSIS = YES;
				CLANG_WARN_STRICT_PROTOTYPES = YES;
				CLANG_WARN_SUSPICIOUS_MOVE = YES;
				CLANG_WARN_UNGUARDED_AVAILABILITY = YES_AGGRESSIVE;
				CLANG_WARN_UNREACHABLE_CODE = YES;
				CLANG_WARN__DUPLICATE_METHOD_MATCH = YES;
				COPY_PHASE_STRIP = NO;
				DEBUG_INFORMATION_FORMAT = "dwarf-with-dsym";
				ENABLE_NS_ASSERTIONS = NO;
				ENABLE_STRICT_OBJC_MSGSEND = YES;
				GCC_C_LANGUAGE_STANDARD = gnu11;
				GCC_NO_COMMON_BLOCKS = YES;
				GCC_WARN_64_TO_32_BIT_CONVERSION = YES;
				GCC_WARN_ABOUT_RETURN_TYPE = YES_ERROR;
				GCC_WARN_UNDECLARED_SELECTOR = YES;
				GCC_WARN_UNINITIALIZED_AUTOS = YES_AGGRESSIVE;
				GCC_WARN_UNUSED_FUNCTION = YES;
				GCC_WARN_UNUSED_VARIABLE = YES;
				IPHONEOS_DEPLOYMENT_TARGET = 15.4;
				MTL_ENABLE_DEBUG_INFO = NO;
				MTL_FAST_MATH = YES;
				SDKROOT = iphoneos;
				SWIFT_COMPILATION_MODE = wholemodule;
				SWIFT_OPTIMIZATION_LEVEL = "-O";
				VALIDATE_PRODUCT = YES;
			};
			name = Release;
		};
		A0FDA30128A7B1F70031C631 /* Debug */ = {
			isa = XCBuildConfiguration;
			buildSettings = {
				ASSETCATALOG_COMPILER_APPICON_NAME = AppIcon;
				ASSETCATALOG_COMPILER_GLOBAL_ACCENT_COLOR_NAME = AccentColor;
				CODE_SIGN_STYLE = Automatic;
				CURRENT_PROJECT_VERSION = 1;
				GENERATE_INFOPLIST_FILE = YES;
				INFOPLIST_FILE = CoreDataHW26/Info.plist;
				INFOPLIST_KEY_UIApplicationSupportsIndirectInputEvents = YES;
				INFOPLIST_KEY_UILaunchStoryboardName = LaunchScreen;
				INFOPLIST_KEY_UIMainStoryboardFile = Main;
				INFOPLIST_KEY_UIStatusBarHidden = YES;
				INFOPLIST_KEY_UISupportedInterfaceOrientations_iPad = "UIInterfaceOrientationPortrait UIInterfaceOrientationPortraitUpsideDown UIInterfaceOrientationLandscapeLeft UIInterfaceOrientationLandscapeRight";
				INFOPLIST_KEY_UISupportedInterfaceOrientations_iPhone = "UIInterfaceOrientationPortrait UIInterfaceOrientationLandscapeLeft UIInterfaceOrientationLandscapeRight";
				LD_RUNPATH_SEARCH_PATHS = (
					"$(inherited)",
					"@executable_path/Frameworks",
				);
				MARKETING_VERSION = 1.0;
				PRODUCT_BUNDLE_IDENTIFIER = "Maskal-Andrei.CoreDataHW26";
				PRODUCT_NAME = "$(TARGET_NAME)";
				SWIFT_EMIT_LOC_STRINGS = YES;
				SWIFT_VERSION = 5.0;
				TARGETED_DEVICE_FAMILY = "1,2";
			};
			name = Debug;
		};
		A0FDA30228A7B1F70031C631 /* Release */ = {
			isa = XCBuildConfiguration;
			buildSettings = {
				ASSETCATALOG_COMPILER_APPICON_NAME = AppIcon;
				ASSETCATALOG_COMPILER_GLOBAL_ACCENT_COLOR_NAME = AccentColor;
				CODE_SIGN_STYLE = Automatic;
				CURRENT_PROJECT_VERSION = 1;
				GENERATE_INFOPLIST_FILE = YES;
				INFOPLIST_FILE = CoreDataHW26/Info.plist;
				INFOPLIST_KEY_UIApplicationSupportsIndirectInputEvents = YES;
				INFOPLIST_KEY_UILaunchStoryboardName = LaunchScreen;
				INFOPLIST_KEY_UIMainStoryboardFile = Main;
				INFOPLIST_KEY_UIStatusBarHidden = YES;
				INFOPLIST_KEY_UISupportedInterfaceOrientations_iPad = "UIInterfaceOrientationPortrait UIInterfaceOrientationPortraitUpsideDown UIInterfaceOrientationLandscapeLeft UIInterfaceOrientationLandscapeRight";
				INFOPLIST_KEY_UISupportedInterfaceOrientations_iPhone = "UIInterfaceOrientationPortrait UIInterfaceOrientationLandscapeLeft UIInterfaceOrientationLandscapeRight";
				LD_RUNPATH_SEARCH_PATHS = (
					"$(inherited)",
					"@executable_path/Frameworks",
				);
				MARKETING_VERSION = 1.0;
				PRODUCT_BUNDLE_IDENTIFIER = "Maskal-Andrei.CoreDataHW26";
				PRODUCT_NAME = "$(TARGET_NAME)";
				SWIFT_EMIT_LOC_STRINGS = YES;
				SWIFT_VERSION = 5.0;
				TARGETED_DEVICE_FAMILY = "1,2";
			};
			name = Release;
		};
/* End XCBuildConfiguration section */

/* Begin XCConfigurationList section */
		A0FDA2E728A7B1F60031C631 /* Build configuration list for PBXProject "CoreDataHW26" */ = {
			isa = XCConfigurationList;
			buildConfigurations = (
				A0FDA2FE28A7B1F70031C631 /* Debug */,
				A0FDA2FF28A7B1F70031C631 /* Release */,
			);
			defaultConfigurationIsVisible = 0;
			defaultConfigurationName = Release;
		};
		A0FDA30028A7B1F70031C631 /* Build configuration list for PBXNativeTarget "CoreDataHW26" */ = {
			isa = XCConfigurationList;
			buildConfigurations = (
				A0FDA30128A7B1F70031C631 /* Debug */,
				A0FDA30228A7B1F70031C631 /* Release */,
			);
			defaultConfigurationIsVisible = 0;
			defaultConfigurationName = Release;
		};
/* End XCConfigurationList section */

/* Begin XCVersionGroup section */
		A0A3550F28B016940084254B /* CoreDataHW26.xcdatamodeld */ = {
			isa = XCVersionGroup;
			children = (
				A0A3551028B016940084254B /* CoreDataHW26.xcdatamodel */,
			);
			currentVersion = A0A3551028B016940084254B /* CoreDataHW26.xcdatamodel */;
			path = CoreDataHW26.xcdatamodeld;
			sourceTree = "<group>";
			versionGroupType = wrapper.xcdatamodel;
		};
/* End XCVersionGroup section */
	};
	rootObject = A0FDA2E428A7B1F60031C631 /* Project object */;
}
